
Microsoft Visual Studio Solution File, Format Version 12.00
# Visual Studio Version 17
VisualStudioVersion = 17.2.32630.192
MinimumVisualStudioVersion = 10.0.40219.1
Project("{9A19103F-16F7-4668-BE54-9A1E7A4F7556}") = "MeterReading", "..\apps\MeterReading.csproj", "{2585AE25-8D3D-4A82-B0B4-88C4327DF32B}"
EndProject
Project("{2150E333-8FDC-42A3-9474-1A3956D46DE8}") = "Libraries", "Libraries", "{C3F67D41-1138-4992-BB91-A66E021DB023}"
EndProject
Project("{9A19103F-16F7-4668-BE54-9A1E7A4F7556}") = "MeterReading.Api.Core", "..\libs\MeterReading.Api.Core\MeterReading.Api.Core.csproj", "{E54B06DD-1104-4212-B274-39A14412E671}"
EndProject
Project("{9A19103F-16F7-4668-BE54-9A1E7A4F7556}") = "MeterReading.Api.Datastore", "..\libs\MeterReading.Api.Datastore\MeterReading.Api.Datastore.csproj", "{8327D71A-F81D-456A-821A-24467CD296C2}"
EndProject
Global
	GlobalSection(SolutionConfigurationPlatforms) = preSolution
		Debug|Any CPU = Debug|Any CPU
		Release|Any CPU = Release|Any CPU
	EndGlobalSection
	GlobalSection(ProjectConfigurationPlatforms) = postSolution
		{2585AE25-8D3D-4A82-B0B4-88C4327DF32B}.Debug|Any CPU.ActiveCfg = Debug|Any CPU
		{2585AE25-8D3D-4A82-B0B4-88C4327DF32B}.Debug|Any CPU.Build.0 = Debug|Any CPU
		{2585AE25-8D3D-4A82-B0B4-88C4327DF32B}.Release|Any CPU.ActiveCfg = Release|Any CPU
		{2585AE25-8D3D-4A82-B0B4-88C4327DF32B}.Release|Any CPU.Build.0 = Release|Any CPU
		{E54B06DD-1104-4212-B274-39A14412E671}.Debug|Any CPU.ActiveCfg = Debug|Any CPU
		{E54B06DD-1104-4212-B274-39A14412E671}.Debug|Any CPU.Build.0 = Debug|Any CPU
		{E54B06DD-1104-4212-B274-39A14412E671}.Release|Any CPU.ActiveCfg = Release|Any CPU
		{E54B06DD-1104-4212-B274-39A14412E671}.Release|Any CPU.Build.0 = Release|Any CPU
		{8327D71A-F81D-456A-821A-24467CD296C2}.Debug|Any CPU.ActiveCfg = Debug|Any CPU
		{8327D71A-F81D-456A-821A-24467CD296C2}.Debug|Any CPU.Build.0 = Debug|Any CPU
		{8327D71A-F81D-456A-821A-24467CD296C2}.Release|Any CPU.ActiveCfg = Release|Any CPU
		{8327D71A-F81D-456A-821A-24467CD296C2}.Release|Any CPU.Build.0 = Release|Any CPU
	EndGlobalSection
	GlobalSection(SolutionProperties) = preSolution
		HideSolutionNode = FALSE
	EndGlobalSection
	GlobalSection(NestedProjects) = preSolution
		{E54B06DD-1104-4212-B274-39A14412E671} = {C3F67D41-1138-4992-BB91-A66E021DB023}
		{8327D71A-F81D-456A-821A-24467CD296C2} = {C3F67D41-1138-4992-BB91-A66E021DB023}
	EndGlobalSection
	GlobalSection(ExtensibilityGlobals) = postSolution
		SolutionGuid = {08B33756-CB23-4693-900C-D4852C5D9B5B}
	EndGlobalSection
EndGlobal
